// !$*UTF8*$!
{
	archiveVersion = 1;
	classes = {
	};
	objectVersion = 77;
	objects = {

/* Begin PBXContainerItemProxy section */
		6128DFC12D7BA20000A152D4 /* PBXContainerItemProxy */ = {
			isa = PBXContainerItemProxy;
			containerPortal = 6128DFA82D7BA1FF00A152D4 /* Project object */;
			proxyType = 1;
			remoteGlobalIDString = 6128DFAF2D7BA1FF00A152D4;
			remoteInfo = ShoppingListApp;
		};
		6128DFCB2D7BA20000A152D4 /* PBXContainerItemProxy */ = {
			isa = PBXContainerItemProxy;
			containerPortal = 6128DFA82D7BA1FF00A152D4 /* Project object */;
			proxyType = 1;
			remoteGlobalIDString = 6128DFAF2D7BA1FF00A152D4;
			remoteInfo = ShoppingListApp;
		};
/* End PBXContainerItemProxy section */

/* Begin PBXFileReference section */
		6128DFB02D7BA1FF00A152D4 /* ShoppingListApp.app */ = {isa = PBXFileReference; explicitFileType = wrapper.application; includeInIndex = 0; path = ShoppingListApp.app; sourceTree = BUILT_PRODUCTS_DIR; };
		6128DFC02D7BA20000A152D4 /* ShoppingListAppTests.xctest */ = {isa = PBXFileReference; explicitFileType = wrapper.cfbundle; includeInIndex = 0; path = ShoppingListAppTests.xctest; sourceTree = BUILT_PRODUCTS_DIR; };
		6128DFCA2D7BA20000A152D4 /* ShoppingListAppUITests.xctest */ = {isa = PBXFileReference; explicitFileType = wrapper.cfbundle; includeInIndex = 0; path = ShoppingListAppUITests.xctest; sourceTree = BUILT_PRODUCTS_DIR; };
/* End PBXFileReference section */

/* Begin PBXFileSystemSynchronizedRootGroup section */
		6128DFB22D7BA1FF00A152D4 /* ShoppingListApp */ = {
			isa = PBXFileSystemSynchronizedRootGroup;
			path = ShoppingListApp;
			sourceTree = "<group>";
		};
		6128DFC32D7BA20000A152D4 /* ShoppingListAppTests */ = {
			isa = PBXFileSystemSynchronizedRootGroup;
			path = ShoppingListAppTests;
			sourceTree = "<group>";
		};
		6128DFCD2D7BA20000A152D4 /* ShoppingListAppUITests */ = {
			isa = PBXFileSystemSynchronizedRootGroup;
			path = ShoppingListAppUITests;
			sourceTree = "<group>";
		};
/* End PBXFileSystemSynchronizedRootGroup section */

/* Begin PBXFrameworksBuildPhase section */
		6128DFAD2D7BA1FF00A152D4 /* Frameworks */ = {
			isa = PBXFrameworksBuildPhase;
			buildActionMask = 2147483647;
			files = (
			);
			runOnlyForDeploymentPostprocessing = 0;
		};
		6128DFBD2D7BA20000A152D4 /* Frameworks */ = {
			isa = PBXFrameworksBuildPhase;
			buildActionMask = 2147483647;
			files = (
			);
			runOnlyForDeploymentPostprocessing = 0;
		};
		6128DFC72D7BA20000A152D4 /* Frameworks */ = {
			isa = PBXFrameworksBuildPhase;
			buildActionMask = 2147483647;
			files = (
			);
			runOnlyForDeploymentPostprocessing = 0;
		};
/* End PBXFrameworksBuildPhase section */

/* Begin PBXGroup section */
		6128DFA72D7BA1FF00A152D4 = {
			isa = PBXGroup;
			children = (
				6128DFB22D7BA1FF00A152D4 /* ShoppingListApp */,
				6128DFC32D7BA20000A152D4 /* ShoppingListAppTests */,
				6128DFCD2D7BA20000A152D4 /* ShoppingListAppUITests */,
				6128DFB12D7BA1FF00A152D4 /* Products */,
			);
			sourceTree = "<group>";
		};
		6128DFB12D7BA1FF00A152D4 /* Products */ = {
			isa = PBXGroup;
			children = (
				6128DFB02D7BA1FF00A152D4 /* ShoppingListApp.app */,
				6128DFC02D7BA20000A152D4 /* ShoppingListAppTests.xctest */,
				6128DFCA2D7BA20000A152D4 /* ShoppingListAppUITests.xctest */,
			);
			name = Products;
			sourceTree = "<group>";
		};
/* End PBXGroup section */

/* Begin PBXNativeTarget section */
		6128DFAF2D7BA1FF00A152D4 /* ShoppingListApp */ = {
			isa = PBXNativeTarget;
			buildConfigurationList = 6128DFD42D7BA20000A152D4 /* Build configuration list for PBXNativeTarget "ShoppingListApp" */;
			buildPhases = (
				6128DFAC2D7BA1FF00A152D4 /* Sources */,
				6128DFAD2D7BA1FF00A152D4 /* Frameworks */,
				6128DFAE2D7BA1FF00A152D4 /* Resources */,
			);
			buildRules = (
			);
			dependencies = (
			);
			fileSystemSynchronizedGroups = (
				6128DFB22D7BA1FF00A152D4 /* ShoppingListApp */,
			);
			name = ShoppingListApp;
			packageProductDependencies = (
			);
			productName = ShoppingListApp;
			productReference = 6128DFB02D7BA1FF00A152D4 /* ShoppingListApp.app */;
			productType = "com.apple.product-type.application";
		};
		6128DFBF2D7BA20000A152D4 /* ShoppingListAppTests */ = {
			isa = PBXNativeTarget;
			buildConfigurationList = 6128DFD72D7BA20000A152D4 /* Build configuration list for PBXNativeTarget "ShoppingListAppTests" */;
			buildPhases = (
				6128DFBC2D7BA20000A152D4 /* Sources */,
				6128DFBD2D7BA20000A152D4 /* Frameworks */,
				6128DFBE2D7BA20000A152D4 /* Resources */,
			);
			buildRules = (
			);
			dependencies = (
				6128DFC22D7BA20000A152D4 /* PBXTargetDependency */,
			);
			fileSystemSynchronizedGroups = (
				6128DFC32D7BA20000A152D4 /* ShoppingListAppTests */,
			);
			name = ShoppingListAppTests;
			packageProductDependencies = (
			);
			productName = ShoppingListAppTests;
			productReference = 6128DFC02D7BA20000A152D4 /* ShoppingListAppTests.xctest */;
			productType = "com.apple.product-type.bundle.unit-test";
		};
		6128DFC92D7BA20000A152D4 /* ShoppingListAppUITests */ = {
			isa = PBXNativeTarget;
			buildConfigurationList = 6128DFDA2D7BA20000A152D4 /* Build configuration list for PBXNativeTarget "ShoppingListAppUITests" */;
			buildPhases = (
				6128DFC62D7BA20000A152D4 /* Sources */,
				6128DFC72D7BA20000A152D4 /* Frameworks */,
				6128DFC82D7BA20000A152D4 /* Resources */,
			);
			buildRules = (
			);
			dependencies = (
				6128DFCC2D7BA20000A152D4 /* PBXTargetDependency */,
			);
			fileSystemSynchronizedGroups = (
				6128DFCD2D7BA20000A152D4 /* ShoppingListAppUITests */,
			);
			name = ShoppingListAppUITests;
			packageProductDependencies = (
			);
			productName = ShoppingListAppUITests;
			productReference = 6128DFCA2D7BA20000A152D4 /* ShoppingListAppUITests.xctest */;
			productType = "com.apple.product-type.bundle.ui-testing";
		};
/* End PBXNativeTarget section */

/* Begin PBXProject section */
		6128DFA82D7BA1FF00A152D4 /* Project object */ = {
			isa = PBXProject;
			attributes = {
				BuildIndependentTargetsInParallel = 1;
				LastSwiftUpdateCheck = 1620;
				LastUpgradeCheck = 1620;
				TargetAttributes = {
					6128DFAF2D7BA1FF00A152D4 = {
						CreatedOnToolsVersion = 16.2;
					};
					6128DFBF2D7BA20000A152D4 = {
						CreatedOnToolsVersion = 16.2;
						TestTargetID = 6128DFAF2D7BA1FF00A152D4;
					};
					6128DFC92D7BA20000A152D4 = {
						CreatedOnToolsVersion = 16.2;
						TestTargetID = 6128DFAF2D7BA1FF00A152D4;
					};
				};
			};
			buildConfigurationList = 6128DFAB2D7BA1FF00A152D4 /* Build configuration list for PBXProject "ShoppingListApp" */;
			developmentRegion = en;
			hasScannedForEncodings = 0;
			knownRegions = (
				en,
				Base,
			);
			mainGroup = 6128DFA72D7BA1FF00A152D4;
			minimizedProjectReferenceProxies = 1;
			preferredProjectObjectVersion = 77;
			productRefGroup = 6128DFB12D7BA1FF00A152D4 /* Products */;
			projectDirPath = "";
			projectRoot = "";
			targets = (
				6128DFAF2D7BA1FF00A152D4 /* ShoppingListApp */,
				6128DFBF2D7BA20000A152D4 /* ShoppingListAppTests */,
				6128DFC92D7BA20000A152D4 /* ShoppingListAppUITests */,
			);
		};
/* End PBXProject section */

/* Begin PBXResourcesBuildPhase section */
		6128DFAE2D7BA1FF00A152D4 /* Resources */ = {
			isa = PBXResourcesBuildPhase;
			buildActionMask = 2147483647;
			files = (
			);
			runOnlyForDeploymentPostprocessing = 0;
		};
		6128DFBE2D7BA20000A152D4 /* Resources */ = {
			isa = PBXResourcesBuildPhase;
			buildActionMask = 2147483647;
			files = (
			);
			runOnlyForDeploymentPostprocessing = 0;
		};
		6128DFC82D7BA20000A152D4 /* Resources */ = {
			isa = PBXResourcesBuildPhase;
			buildActionMask = 2147483647;
			files = (
			);
			runOnlyForDeploymentPostprocessing = 0;
		};
/* End PBXResourcesBuildPhase section */

/* Begin PBXSourcesBuildPhase section */
		6128DFAC2D7BA1FF00A152D4 /* Sources */ = {
			isa = PBXSourcesBuildPhase;
			buildActionMask = 2147483647;
			files = (
			);
			runOnlyForDeploymentPostprocessing = 0;
		};
		6128DFBC2D7BA20000A152D4 /* Sources */ = {
			isa = PBXSourcesBuildPhase;
			buildActionMask = 2147483647;
			files = (
			);
			runOnlyForDeploymentPostprocessing = 0;
		};
		6128DFC62D7BA20000A152D4 /* Sources */ = {
			isa = PBXSourcesBuildPhase;
			buildActionMask = 2147483647;
			files = (
			);
			runOnlyForDeploymentPostprocessing = 0;
		};
/* End PBXSourcesBuildPhase section */

/* Begin PBXTargetDependency section */
		6128DFC22D7BA20000A152D4 /* PBXTargetDependency */ = {
			isa = PBXTargetDependency;
			target = 6128DFAF2D7BA1FF00A152D4 /* ShoppingListApp */;
			targetProxy = 6128DFC12D7BA20000A152D4 /* PBXContainerItemProxy */;
		};
		6128DFCC2D7BA20000A152D4 /* PBXTargetDependency */ = {
			isa = PBXTargetDependency;
			target = 6128DFAF2D7BA1FF00A152D4 /* ShoppingListApp */;
			targetProxy = 6128DFCB2D7BA20000A152D4 /* PBXContainerItemProxy */;
		};
/* End PBXTargetDependency section */

/* Begin XCBuildConfiguration section */
		6128DFD22D7BA20000A152D4 /* Debug */ = {
			isa = XCBuildConfiguration;
			buildSettings = {
				ALWAYS_SEARCH_USER_PATHS = NO;
				ASSETCATALOG_COMPILER_GENERATE_SWIFT_ASSET_SYMBOL_EXTENSIONS = YES;
				CLANG_ANALYZER_NONNULL = YES;
				CLANG_ANALYZER_NUMBER_OBJECT_CONVERSION = YES_AGGRESSIVE;
				CLANG_CXX_LANGUAGE_STANDARD = "gnu++20";
				CLANG_ENABLE_MODULES = YES;
				CLANG_ENABLE_OBJC_ARC = YES;
				CLANG_ENABLE_OBJC_WEAK = YES;
				CLANG_WARN_BLOCK_CAPTURE_AUTORELEASING = YES;
				CLANG_WARN_BOOL_CONVERSION = YES;
				CLANG_WARN_COMMA = YES;
				CLANG_WARN_CONSTANT_CONVERSION = YES;
				CLANG_WARN_DEPRECATED_OBJC_IMPLEMENTATIONS = YES;
				CLANG_WARN_DIRECT_OBJC_ISA_USAGE = YES_ERROR;
				CLANG_WARN_DOCUMENTATION_COMMENTS = YES;
				CLANG_WARN_EMPTY_BODY = YES;
				CLANG_WARN_ENUM_CONVERSION = YES;
				CLANG_WARN_INFINITE_RECURSION = YES;
				CLANG_WARN_INT_CONVERSION = YES;
				CLANG_WARN_NON_LITERAL_NULL_CONVERSION = YES;
				CLANG_WARN_OBJC_IMPLICIT_RETAIN_SELF = YES;
				CLANG_WARN_OBJC_LITERAL_CONVERSION = YES;
				CLANG_WARN_OBJC_ROOT_CLASS = YES_ERROR;
				CLANG_WARN_QUOTED_INCLUDE_IN_FRAMEWORK_HEADER = YES;
				CLANG_WARN_RANGE_LOOP_ANALYSIS = YES;
				CLANG_WARN_STRICT_PROTOTYPES = YES;
				CLANG_WARN_SUSPICIOUS_MOVE = YES;
				CLANG_WARN_UNGUARDED_AVAILABILITY = YES_AGGRESSIVE;
				CLANG_WARN_UNREACHABLE_CODE = YES;
				CLANG_WARN__DUPLICATE_METHOD_MATCH = YES;
				COPY_PHASE_STRIP = NO;
				DEBUG_INFORMATION_FORMAT = dwarf;
				ENABLE_STRICT_OBJC_MSGSEND = YES;
				ENABLE_TESTABILITY = YES;
				ENABLE_USER_SCRIPT_SANDBOXING = YES;
				GCC_C_LANGUAGE_STANDARD = gnu17;
				GCC_DYNAMIC_NO_PIC = NO;
				GCC_NO_COMMON_BLOCKS = YES;
				GCC_OPTIMIZATION_LEVEL = 0;
				GCC_PREPROCESSOR_DEFINITIONS = (
					"DEBUG=1",
					"$(inherited)",
				);
				GCC_WARN_64_TO_32_BIT_CONVERSION = YES;
				GCC_WARN_ABOUT_RETURN_TYPE = YES_ERROR;
				GCC_WARN_UNDECLARED_SELECTOR = YES;
				GCC_WARN_UNINITIALIZED_AUTOS = YES_AGGRESSIVE;
				GCC_WARN_UNUSED_FUNCTION = YES;
				GCC_WARN_UNUSED_VARIABLE = YES;
				IPHONEOS_DEPLOYMENT_TARGET = 18.2;
				LOCALIZATION_PREFERS_STRING_CATALOGS = YES;
				MTL_ENABLE_DEBUG_INFO = INCLUDE_SOURCE;
				MTL_FAST_MATH = YES;
				ONLY_ACTIVE_ARCH = YES;
				SDKROOT = iphoneos;
				SWIFT_ACTIVE_COMPILATION_CONDITIONS = "DEBUG $(inherited)";
				SWIFT_OPTIMIZATION_LEVEL = "-Onone";
			};
			name = Debug;
		};
		6128DFD32D7BA20000A152D4 /* Release */ = {
			isa = XCBuildConfiguration;
			buildSettings = {
				ALWAYS_SEARCH_USER_PATHS = NO;
				ASSETCATALOG_COMPILER_GENERATE_SWIFT_ASSET_SYMBOL_EXTENSIONS = YES;
				CLANG_ANALYZER_NONNULL = YES;
				CLANG_ANALYZER_NUMBER_OBJECT_CONVERSION = YES_AGGRESSIVE;
				CLANG_CXX_LANGUAGE_STANDARD = "gnu++20";
				CLANG_ENABLE_MODULES = YES;
				CLANG_ENABLE_OBJC_ARC = YES;
				CLANG_ENABLE_OBJC_WEAK = YES;
				CLANG_WARN_BLOCK_CAPTURE_AUTORELEASING = YES;
				CLANG_WARN_BOOL_CONVERSION = YES;
				CLANG_WARN_COMMA = YES;
				CLANG_WARN_CONSTANT_CONVERSION = YES;
				CLANG_WARN_DEPRECATED_OBJC_IMPLEMENTATIONS = YES;
				CLANG_WARN_DIRECT_OBJC_ISA_USAGE = YES_ERROR;
				CLANG_WARN_DOCUMENTATION_COMMENTS = YES;
				CLANG_WARN_EMPTY_BODY = YES;
				CLANG_WARN_ENUM_CONVERSION = YES;
				CLANG_WARN_INFINITE_RECURSION = YES;
				CLANG_WARN_INT_CONVERSION = YES;
				CLANG_WARN_NON_LITERAL_NULL_CONVERSION = YES;
				CLANG_WARN_OBJC_IMPLICIT_RETAIN_SELF = YES;
				CLANG_WARN_OBJC_LITERAL_CONVERSION = YES;
				CLANG_WARN_OBJC_ROOT_CLASS = YES_ERROR;
				CLANG_WARN_QUOTED_INCLUDE_IN_FRAMEWORK_HEADER = YES;
				CLANG_WARN_RANGE_LOOP_ANALYSIS = YES;
				CLANG_WARN_STRICT_PROTOTYPES = YES;
				CLANG_WARN_SUSPICIOUS_MOVE = YES;
				CLANG_WARN_UNGUARDED_AVAILABILITY = YES_AGGRESSIVE;
				CLANG_WARN_UNREACHABLE_CODE = YES;
				CLANG_WARN__DUPLICATE_METHOD_MATCH = YES;
				COPY_PHASE_STRIP = NO;
				DEBUG_INFORMATION_FORMAT = "dwarf-with-dsym";
				ENABLE_NS_ASSERTIONS = NO;
				ENABLE_STRICT_OBJC_MSGSEND = YES;
				ENABLE_USER_SCRIPT_SANDBOXING = YES;
				GCC_C_LANGUAGE_STANDARD = gnu17;
				GCC_NO_COMMON_BLOCKS = YES;
				GCC_WARN_64_TO_32_BIT_CONVERSION = YES;
				GCC_WARN_ABOUT_RETURN_TYPE = YES_ERROR;
				GCC_WARN_UNDECLARED_SELECTOR = YES;
				GCC_WARN_UNINITIALIZED_AUTOS = YES_AGGRESSIVE;
				GCC_WARN_UNUSED_FUNCTION = YES;
				GCC_WARN_UNUSED_VARIABLE = YES;
				IPHONEOS_DEPLOYMENT_TARGET = 18.2;
				LOCALIZATION_PREFERS_STRING_CATALOGS = YES;
				MTL_ENABLE_DEBUG_INFO = NO;
				MTL_FAST_MATH = YES;
				SDKROOT = iphoneos;
				SWIFT_COMPILATION_MODE = wholemodule;
				VALIDATE_PRODUCT = YES;
			};
			name = Release;
		};
		6128DFD52D7BA20000A152D4 /* Debug */ = {
			isa = XCBuildConfiguration;
			buildSettings = {
				ASSETCATALOG_COMPILER_APPICON_NAME = AppIcon;
				ASSETCATALOG_COMPILER_GLOBAL_ACCENT_COLOR_NAME = AccentColor;
				CODE_SIGN_STYLE = Automatic;
				CURRENT_PROJECT_VERSION = 1;
				DEVELOPMENT_ASSET_PATHS = "\"ShoppingListApp/Preview Content\"";
				ENABLE_PREVIEWS = YES;
				GENERATE_INFOPLIST_FILE = YES;
				INFOPLIST_KEY_UIApplicationSceneManifest_Generation = YES;
				INFOPLIST_KEY_UIApplicationSupportsIndirectInputEvents = YES;
				INFOPLIST_KEY_UILaunchScreen_Generation = YES;
				INFOPLIST_KEY_UISupportedInterfaceOrientations_iPad = "UIInterfaceOrientationPortrait UIInterfaceOrientationPortraitUpsideDown UIInterfaceOrientationLandscapeLeft UIInterfaceOrientationLandscapeRight";
				INFOPLIST_KEY_UISupportedInterfaceOrientations_iPhone = "UIInterfaceOrientationPortrait UIInterfaceOrientationLandscapeLeft UIInterfaceOrientationLandscapeRight";
				LD_RUNPATH_SEARCH_PATHS = (
					"$(inherited)",
					"@executable_path/Frameworks",
				);
				MARKETING_VERSION = 1.0;
				PRODUCT_BUNDLE_IDENTIFIER = com.aryanpatel.ShoppingListApp;
				PRODUCT_NAME = "$(TARGET_NAME)";
				SWIFT_EMIT_LOC_STRINGS = YES;
				SWIFT_VERSION = 5.0;
				TARGETED_DEVICE_FAMILY = "1,2";
			};
			name = Debug;
		};
		6128DFD62D7BA20000A152D4 /* Release */ = {
			isa = XCBuildConfiguration;
			buildSettings = {
				ASSETCATALOG_COMPILER_APPICON_NAME = AppIcon;
				ASSETCATALOG_COMPILER_GLOBAL_ACCENT_COLOR_NAME = AccentColor;
				CODE_SIGN_STYLE = Automatic;
				CURRENT_PROJECT_VERSION = 1;
				DEVELOPMENT_ASSET_PATHS = "\"ShoppingListApp/Preview Content\"";
				ENABLE_PREVIEWS = YES;
				GENERATE_INFOPLIST_FILE = YES;
				INFOPLIST_KEY_UIApplicationSceneManifest_Generation = YES;
				INFOPLIST_KEY_UIApplicationSupportsIndirectInputEvents = YES;
				INFOPLIST_KEY_UILaunchScreen_Generation = YES;
				INFOPLIST_KEY_UISupportedInterfaceOrientations_iPad = "UIInterfaceOrientationPortrait UIInterfaceOrientationPortraitUpsideDown UIInterfaceOrientationLandscapeLeft UIInterfaceOrientationLandscapeRight";
				INFOPLIST_KEY_UISupportedInterfaceOrientations_iPhone = "UIInterfaceOrientationPortrait UIInterfaceOrientationLandscapeLeft UIInterfaceOrientationLandscapeRight";
				LD_RUNPATH_SEARCH_PATHS = (
					"$(inherited)",
					"@executable_path/Frameworks",
				);
				MARKETING_VERSION = 1.0;
				PRODUCT_BUNDLE_IDENTIFIER = com.aryanpatel.ShoppingListApp;
				PRODUCT_NAME = "$(TARGET_NAME)";
				SWIFT_EMIT_LOC_STRINGS = YES;
				SWIFT_VERSION = 5.0;
				TARGETED_DEVICE_FAMILY = "1,2";
			};
			name = Release;
		};
		6128DFD82D7BA20000A152D4 /* Debug */ = {
			isa = XCBuildConfiguration;
			buildSettings = {
				BUNDLE_LOADER = "$(TEST_HOST)";
				CODE_SIGN_STYLE = Automatic;
				CURRENT_PROJECT_VERSION = 1;
				GENERATE_INFOPLIST_FILE = YES;
				IPHONEOS_DEPLOYMENT_TARGET = 18.2;
				MARKETING_VERSION = 1.0;
				PRODUCT_BUNDLE_IDENTIFIER = com.aryanpatel.ShoppingListAppTests;
				PRODUCT_NAME = "$(TARGET_NAME)";
				SWIFT_EMIT_LOC_STRINGS = NO;
				SWIFT_VERSION = 5.0;
				TARGETED_DEVICE_FAMILY = "1,2";
				TEST_HOST = "$(BUILT_PRODUCTS_DIR)/ShoppingListApp.app/$(BUNDLE_EXECUTABLE_FOLDER_PATH)/ShoppingListApp";
			};
			name = Debug;
		};
		6128DFD92D7BA20000A152D4 /* Release */ = {
			isa = XCBuildConfiguration;
			buildSettings = {
				BUNDLE_LOADER = "$(TEST_HOST)";
				CODE_SIGN_STYLE = Automatic;
				CURRENT_PROJECT_VERSION = 1;
				GENERATE_INFOPLIST_FILE = YES;
				IPHONEOS_DEPLOYMENT_TARGET = 18.2;
				MARKETING_VERSION = 1.0;
				PRODUCT_BUNDLE_IDENTIFIER = com.aryanpatel.ShoppingListAppTests;
				PRODUCT_NAME = "$(TARGET_NAME)";
				SWIFT_EMIT_LOC_STRINGS = NO;
				SWIFT_VERSION = 5.0;
				TARGETED_DEVICE_FAMILY = "1,2";
				TEST_HOST = "$(BUILT_PRODUCTS_DIR)/ShoppingListApp.app/$(BUNDLE_EXECUTABLE_FOLDER_PATH)/ShoppingListApp";
			};
			name = Release;
		};
		6128DFDB2D7BA20000A152D4 /* Debug */ = {
			isa = XCBuildConfiguration;
			buildSettings = {
				CODE_SIGN_STYLE = Automatic;
				CURRENT_PROJECT_VERSION = 1;
				GENERATE_INFOPLIST_FILE = YES;
				MARKETING_VERSION = 1.0;
				PRODUCT_BUNDLE_IDENTIFIER = com.aryanpatel.ShoppingListAppUITests;
				PRODUCT_NAME = "$(TARGET_NAME)";
				SWIFT_EMIT_LOC_STRINGS = NO;
				SWIFT_VERSION = 5.0;
				TARGETED_DEVICE_FAMILY = "1,2";
				TEST_TARGET_NAME = ShoppingListApp;
			};
			name = Debug;
		};
		6128DFDC2D7BA20000A152D4 /* Release */ = {
			isa = XCBuildConfiguration;
			buildSettings = {
				CODE_SIGN_STYLE = Automatic;
				CURRENT_PROJECT_VERSION = 1;
				GENERATE_INFOPLIST_FILE = YES;
				MARKETING_VERSION = 1.0;
				PRODUCT_BUNDLE_IDENTIFIER = com.aryanpatel.ShoppingListAppUITests;
				PRODUCT_NAME = "$(TARGET_NAME)";
				SWIFT_EMIT_LOC_STRINGS = NO;
				SWIFT_VERSION = 5.0;
				TARGETED_DEVICE_FAMILY = "1,2";
				TEST_TARGET_NAME = ShoppingListApp;
			};
			name = Release;
		};
/* End XCBuildConfiguration section */

/* Begin XCConfigurationList section */
		6128DFAB2D7BA1FF00A152D4 /* Build configuration list for PBXProject "ShoppingListApp" */ = {
			isa = XCConfigurationList;
			buildConfigurations = (
				6128DFD22D7BA20000A152D4 /* Debug */,
				6128DFD32D7BA20000A152D4 /* Release */,
			);
			defaultConfigurationIsVisible = 0;
			defaultConfigurationName = Release;
		};
		6128DFD42D7BA20000A152D4 /* Build configuration list for PBXNativeTarget "ShoppingListApp" */ = {
			isa = XCConfigurationList;
			buildConfigurations = (
				6128DFD52D7BA20000A152D4 /* Debug */,
				6128DFD62D7BA20000A152D4 /* Release */,
			);
			defaultConfigurationIsVisible = 0;
			defaultConfigurationName = Release;
		};
		6128DFD72D7BA20000A152D4 /* Build configuration list for PBXNativeTarget "ShoppingListAppTests" */ = {
			isa = XCConfigurationList;
			buildConfigurations = (
				6128DFD82D7BA20000A152D4 /* Debug */,
				6128DFD92D7BA20000A152D4 /* Release */,
			);
			defaultConfigurationIsVisible = 0;
			defaultConfigurationName = Release;
		};
		6128DFDA2D7BA20000A152D4 /* Build configuration list for PBXNativeTarget "ShoppingListAppUITests" */ = {
			isa = XCConfigurationList;
			buildConfigurations = (
				6128DFDB2D7BA20000A152D4 /* Debug */,
				6128DFDC2D7BA20000A152D4 /* Release */,
			);
			defaultConfigurationIsVisible = 0;
			defaultConfigurationName = Release;
		};
/* End XCConfigurationList section */
	};
	rootObject = 6128DFA82D7BA1FF00A152D4 /* Project object */;
}
